
Microsoft Visual Studio Solution File, Format Version 12.00
# Visual Studio Version 17
VisualStudioVersion = 17.5.33516.290
MinimumVisualStudioVersion = 10.0.40219.1
Project("{8BC9CEB8-8B4A-11D0-8D11-00A0C91BC942}") = "MiMAPR-Windows", "MiMAPR-Windows.vcxproj", "{1587051E-40F5-4A8E-864A-582EBA93AA38}"
EndProject
Project("{888888A0-9F3D-457C-B088-3A5042F75D52}") = "MiMAPR-visualisation", "MiMAPR-visualisation\MiMAPR-visualisation.pyproj", "{CF60924D-E77D-4630-8FEF-381BCC0DACC4}"
EndProject
Global
	GlobalSection(SolutionConfigurationPlatforms) = preSolution
		Debug|Any CPU = Debug|Any CPU
		Debug|x64 = Debug|x64
		Debug|x86 = Debug|x86
		Release|Any CPU = Release|Any CPU
		Release|x64 = Release|x64
		Release|x86 = Release|x86
	EndGlobalSection
	GlobalSection(ProjectConfigurationPlatforms) = postSolution
		{1587051E-40F5-4A8E-864A-582EBA93AA38}.Debug|Any CPU.ActiveCfg = Debug|x64
		{1587051E-40F5-4A8E-864A-582EBA93AA38}.Debug|Any CPU.Build.0 = Debug|x64
		{1587051E-40F5-4A8E-864A-582EBA93AA38}.Debug|x64.ActiveCfg = Debug|x64
		{1587051E-40F5-4A8E-864A-582EBA93AA38}.Debug|x64.Build.0 = Debug|x64
		{1587051E-40F5-4A8E-864A-582EBA93AA38}.Debug|x86.ActiveCfg = Debug|Win32
		{1587051E-40F5-4A8E-864A-582EBA93AA38}.Debug|x86.Build.0 = Debug|Win32
		{1587051E-40F5-4A8E-864A-582EBA93AA38}.Release|Any CPU.ActiveCfg = Release|x64
		{1587051E-40F5-4A8E-864A-582EBA93AA38}.Release|Any CPU.Build.0 = Release|x64
		{1587051E-40F5-4A8E-864A-582EBA93AA38}.Release|x64.ActiveCfg = Release|x64
		{1587051E-40F5-4A8E-864A-582EBA93AA38}.Release|x64.Build.0 = Release|x64
		{1587051E-40F5-4A8E-864A-582EBA93AA38}.Release|x86.ActiveCfg = Release|Win32
		{1587051E-40F5-4A8E-864A-582EBA93AA38}.Release|x86.Build.0 = Release|Win32
		{CF60924D-E77D-4630-8FEF-381BCC0DACC4}.Debug|Any CPU.ActiveCfg = Debug|Any CPU
		{CF60924D-E77D-4630-8FEF-381BCC0DACC4}.Debug|x64.ActiveCfg = Debug|Any CPU
		{CF60924D-E77D-4630-8FEF-381BCC0DACC4}.Debug|x86.ActiveCfg = Debug|Any CPU
		{CF60924D-E77D-4630-8FEF-381BCC0DACC4}.Release|Any CPU.ActiveCfg = Release|Any CPU
		{CF60924D-E77D-4630-8FEF-381BCC0DACC4}.Release|x64.ActiveCfg = Release|Any CPU
		{CF60924D-E77D-4630-8FEF-381BCC0DACC4}.Release|x86.ActiveCfg = Release|Any CPU
	EndGlobalSection
	GlobalSection(SolutionProperties) = preSolution
		HideSolutionNode = FALSE
	EndGlobalSection
	GlobalSection(ExtensibilityGlobals) = postSolution
		SolutionGuid = {EF7CA6AF-86E4-430D-88E4-0D5A7F839C2D}
	EndGlobalSection
EndGlobal
